
Microsoft Visual Studio Solution File, Format Version 12.00
# Visual Studio Version 17
VisualStudioVersion = 17.9.34728.123
MinimumVisualStudioVersion = 10.0.40219.1
Project("{FAE04EC0-301F-11D3-BF4B-00C04F79EFBC}") = "ExerciseSolvedSets", "ExerciseSolvedSets\ExerciseSolvedSets.csproj", "{9307D41D-E66D-4B5E-9D0C-8090B4AC9988}"
EndProject
Global
	GlobalSection(SolutionConfigurationPlatforms) = preSolution
		Debug|Any CPU = Debug|Any CPU
		Release|Any CPU = Release|Any CPU
	EndGlobalSection
	GlobalSection(ProjectConfigurationPlatforms) = postSolution
		{9307D41D-E66D-4B5E-9D0C-8090B4AC9988}.Debug|Any CPU.ActiveCfg = Debug|Any CPU
		{9307D41D-E66D-4B5E-9D0C-8090B4AC9988}.Debug|Any CPU.Build.0 = Debug|Any CPU
		{9307D41D-E66D-4B5E-9D0C-8090B4AC9988}.Release|Any CPU.ActiveCfg = Release|Any CPU
		{9307D41D-E66D-4B5E-9D0C-8090B4AC9988}.Release|Any CPU.Build.0 = Release|Any CPU
	EndGlobalSection
	GlobalSection(SolutionProperties) = preSolution
		HideSolutionNode = FALSE
	EndGlobalSection
	GlobalSection(ExtensibilityGlobals) = postSolution
		SolutionGuid = {717E2ED8-6743-4F78-A2B5-BC5A748212D2}
	EndGlobalSection
EndGlobal
